<?xml version="1.0" encoding="utf-8"?>
<Project ToolsVersion="4.0" xmlns="http://schemas.microsoft.com/developer/msbuild/2003">
  <ItemGroup>
    <Filter Include="Source Files">
      <UniqueIdentifier>{4FC737F1-C7A5-4376-A066-2A32D752A2FF}</UniqueIdentifier>
      <Extensions>cpp;c;cc;cxx;def;odl;idl;hpj;bat;asm;asmx</Extensions>
    </Filter>
    <Filter Include="Header Files">
      <UniqueIdentifier>{93995380-89BD-4b04-88EB-625FBE52EBFB}</UniqueIdentifier>
      <Extensions>h;hh;hpp;hxx;hm;inl;inc;xsd</Extensions>
    </Filter>
    <Filter Include="Resource Files">
      <UniqueIdentifier>{67DA6AB6-F800-4c08-8B7A-83BB121AAD01}</UniqueIdentifier>
      <Extensions>rc;ico;cur;bmp;dlg;rc2;rct;bin;rgs;gif;jpg;jpeg;jpe;resx;tiff;tif;png;wav;mfcribbon-ms</Extensions>
    </Filter>
    <Filter Include="Header Files\lib">
      <UniqueIdentifier>{c67bfbfb-0bd0-42f3-a48c-630d1149590b}</UniqueIdentifier>
    </Filter>
    <Filter Include="Source Files\lib">
      <UniqueIdentifier>{99a7fae5-acbb-428f-ab23-08cd01045abb}</UniqueIdentifier>
    </Filter>
  </ItemGroup>
  <ItemGroup>
    <ClCompile Include="practica1\main.cpp">
      <Filter>Source Files</Filter>
    </ClCompile>
    <ClCompile Include="practica1\lib\debug.cpp">
      <Filter>Source Files\lib</Filter>
    </ClCompile>
    <ClCompile Include="practica1\lib\image_png.cpp">
      <Filter>Source Files\lib</Filter>
    </ClCompile>
    <ClCompile Include="practica1\lib\keyboard.cpp">
      <Filter>Source Files\lib</Filter>
    </ClCompile>
    <ClCompile Include="practica1\lib\mouse.cpp">
      <Filter>Source Files\lib</Filter>
    </ClCompile>
    <ClCompile Include="practica1\lib\sound.cpp">
      <Filter>Source Files\lib</Filter>
    </ClCompile>
    <ClCompile Include="practica1\lib\sprites.cpp">
      <Filter>Source Files\lib</Filter>
    </ClCompile>
    <ClCompile Include="practica1\lib\stb_vorbis.cpp">
      <Filter>Source Files\lib</Filter>
    </ClCompile>
    <ClCompile Include="practica1\lib\video.cpp">
      <Filter>Source Files\lib</Filter>
    </ClCompile>
  </ItemGroup>
  <ItemGroup>
    <ClInclude Include="practica1\Definitions.h">
      <Filter>Header Files</Filter>
    </ClInclude>
    <ClInclude Include="practica1\lib\video.h">
      <Filter>Header Files\lib</Filter>
    </ClInclude>
    <ClInclude Include="practica1\lib\sprites.h">
      <Filter>Header Files\lib</Filter>
    </ClInclude>
    <ClInclude Include="practica1\lib\sound.h">
      <Filter>Header Files\lib</Filter>
    </ClInclude>
    <ClInclude Include="practica1\lib\mouse.h">
      <Filter>Header Files\lib</Filter>
    </ClInclude>
    <ClInclude Include="practica1\lib\libreria.h">
      <Filter>Header Files\lib</Filter>
    </ClInclude>
    <ClInclude Include="practica1\lib\keyboard_sdl.h">
      <Filter>Header Files\lib</Filter>
    </ClInclude>
    <ClInclude Include="practica1\lib\keyboard.h">
      <Filter>Header Files\lib</Filter>
    </ClInclude>
    <ClInclude Include="practica1\lib\image_png.h">
      <Filter>Header Files\lib</Filter>
    </ClInclude>
    <ClInclude Include="practica1\lib\debug.h">
      <Filter>Header Files\lib</Filter>
    </ClInclude>
    <ClInclude Include="practica1\lib\error.h">
      <Filter>Header Files\lib</Filter>
    </ClInclude>
    <ClInclude Include="practica1\lib\stb_vorbis.h">
      <Filter>Header Files\lib</Filter>
    </ClInclude>
  </ItemGroup>
</Project>